
Microsoft Visual Studio Solution File, Format Version 12.00
# Visual Studio Version 17
VisualStudioVersion = 17.5.33424.131
MinimumVisualStudioVersion = 10.0.40219.1
Project("{FAE04EC0-301F-11D3-BF4B-00C04F79EFBC}") = "07.04task3", "07.04task3\07.04task3.csproj", "{62C77A9A-E12E-4A28-BB7C-0022EB9F4EE9}"
EndProject
Global
	GlobalSection(SolutionConfigurationPlatforms) = preSolution
		Debug|Any CPU = Debug|Any CPU
		Release|Any CPU = Release|Any CPU
	EndGlobalSection
	GlobalSection(ProjectConfigurationPlatforms) = postSolution
		{62C77A9A-E12E-4A28-BB7C-0022EB9F4EE9}.Debug|Any CPU.ActiveCfg = Debug|Any CPU
		{62C77A9A-E12E-4A28-BB7C-0022EB9F4EE9}.Debug|Any CPU.Build.0 = Debug|Any CPU
		{62C77A9A-E12E-4A28-BB7C-0022EB9F4EE9}.Release|Any CPU.ActiveCfg = Release|Any CPU
		{62C77A9A-E12E-4A28-BB7C-0022EB9F4EE9}.Release|Any CPU.Build.0 = Release|Any CPU
	EndGlobalSection
	GlobalSection(SolutionProperties) = preSolution
		HideSolutionNode = FALSE
	EndGlobalSection
	GlobalSection(ExtensibilityGlobals) = postSolution
		SolutionGuid = {960EF9F6-FC5E-4F0B-BCC9-F653E329B73A}
	EndGlobalSection
EndGlobal
